
Microsoft Visual Studio Solution File, Format Version 12.00
# Visual Studio Version 16
VisualStudioVersion = 16.0.30804.86
MinimumVisualStudioVersion = 10.0.40219.1
Project("{9A19103F-16F7-4668-BE54-9A1E7A4F7556}") = "AppOwnsDataWithRLS", "AppOwnsDataWithRLS.csproj", "{50C56D93-7451-463B-B824-3AF16F1F69EE}"
EndProject
Global
	GlobalSection(SolutionConfigurationPlatforms) = preSolution
		Debug|Any CPU = Debug|Any CPU
		Release|Any CPU = Release|Any CPU
	EndGlobalSection
	GlobalSection(ProjectConfigurationPlatforms) = postSolution
		{50C56D93-7451-463B-B824-3AF16F1F69EE}.Debug|Any CPU.ActiveCfg = Debug|Any CPU
		{50C56D93-7451-463B-B824-3AF16F1F69EE}.Debug|Any CPU.Build.0 = Debug|Any CPU
		{50C56D93-7451-463B-B824-3AF16F1F69EE}.Release|Any CPU.ActiveCfg = Release|Any CPU
		{50C56D93-7451-463B-B824-3AF16F1F69EE}.Release|Any CPU.Build.0 = Release|Any CPU
	EndGlobalSection
	GlobalSection(SolutionProperties) = preSolution
		HideSolutionNode = FALSE
	EndGlobalSection
	GlobalSection(ExtensibilityGlobals) = postSolution
		SolutionGuid = {23963146-5D35-45DC-86A8-5044C25679AC}
	EndGlobalSection
EndGlobal
