
Microsoft Visual Studio Solution File, Format Version 12.00
# Visual Studio Version 16
VisualStudioVersion = 16.0.32002.261
MinimumVisualStudioVersion = 10.0.40219.1
Project("{FAE04EC0-301F-11D3-BF4B-00C04F79EFBC}") = "RowLevelSecurityWithCustomData", "RowLevelSecurityWithCustomData\RowLevelSecurityWithCustomData.csproj", "{F8F3DA42-8CC7-431B-A07C-35E9A765E78A}"
EndProject
Global
	GlobalSection(SolutionConfigurationPlatforms) = preSolution
		Debug|Any CPU = Debug|Any CPU
		Release|Any CPU = Release|Any CPU
	EndGlobalSection
	GlobalSection(ProjectConfigurationPlatforms) = postSolution
		{F8F3DA42-8CC7-431B-A07C-35E9A765E78A}.Debug|Any CPU.ActiveCfg = Debug|Any CPU
		{F8F3DA42-8CC7-431B-A07C-35E9A765E78A}.Debug|Any CPU.Build.0 = Debug|Any CPU
		{F8F3DA42-8CC7-431B-A07C-35E9A765E78A}.Release|Any CPU.ActiveCfg = Release|Any CPU
		{F8F3DA42-8CC7-431B-A07C-35E9A765E78A}.Release|Any CPU.Build.0 = Release|Any CPU
	EndGlobalSection
	GlobalSection(SolutionProperties) = preSolution
		HideSolutionNode = FALSE
	EndGlobalSection
	GlobalSection(ExtensibilityGlobals) = postSolution
		SolutionGuid = {5C8FAAB6-1D3C-4361-8B28-6CE946D4DFE3}
	EndGlobalSection
EndGlobal
